{
  "name": "pwsnapshot-testpage",
  "version": "1.0.0",
  "lockfileVersion": 3,
  "requires": true,
  "packages": {
    "": {
      "name": "pwsnapshot-testpage",
      "version": "1.0.0",
      "dependencies": {
        "react-devtools-inline": "^6.1.5"
      }
    },
    "node_modules/react-devtools-inline": {
      "version": "6.1.5",
      "resolved": "https://registry.npmjs.org/react-devtools-inline/-/react-devtools-inline-6.1.5.tgz",
      "integrity": "sha512-8FbBqZrOk4k4uWgkDNj7CVb975oKOMuPYZMQi4UHVW1RhbnEFOVZ7cdKvv6tbzbhy2D1aFwfj1T58atSoedEKQ==",
      "license": "MIT",
      "dependencies": {
        "source-map-js": "^0.6.2",
        "sourcemap-codec": "^1.4.8"
      }
    },
    "node_modules/source-map-js": {
      "version": "0.6.2",
      "resolved": "https://registry.npmjs.org/source-map-js/-/source-map-js-0.6.2.tgz",
      "integrity": "sha512-/3GptzWzu0+0MBQFrDKzw/DvvMTUORvgY6k6jd/VS6iCR4RDTKWH6v6WPwQoUO8667uQEf9Oe38DxAYWY5F/Ug==",
      "license": "BSD-3-Clause",
      "engines": {
        "node": ">=0.10.0"
      }
    },
    "node_modules/sourcemap-codec": {
      "version": "1.4.8",
      "resolved": "https://registry.npmjs.org/sourcemap-codec/-/sourcemap-codec-1.4.8.tgz",
      "integrity": "sha512-9NykojV5Uih4lgo5So5dtw+f0JgJX30KCNI8gwhz2J9A15wD0Ml6tjHKwf6fTSa6fAdVBdZeNOs9eJ71qCk8vA==",
      "deprecated": "Please use @jridgewell/sourcemap-codec instead",
      "license": "MIT"
    }
  }
}
